// !$*UTF8*$!
{
	archiveVersion = 1;
	classes = {
	};
	objectVersion = 50;
	objects = {

/* Begin PBXBuildFile section */
		ABAD8E8120EFE16A002A5F89 /* AppDelegate.swift in Sources */ = {isa = PBXBuildFile; fileRef = ABAD8E8020EFE16A002A5F89 /* AppDelegate.swift */; };
		ABAD8E8320EFE16A002A5F89 /* ViewController.swift in Sources */ = {isa = PBXBuildFile; fileRef = ABAD8E8220EFE16A002A5F89 /* ViewController.swift */; };
		ABAD8E8620EFE16A002A5F89 /* Main.storyboard in Resources */ = {isa = PBXBuildFile; fileRef = ABAD8E8420EFE16A002A5F89 /* Main.storyboard */; };
		ABAD8E8820EFE16D002A5F89 /* Assets.xcassets in Resources */ = {isa = PBXBuildFile; fileRef = ABAD8E8720EFE16D002A5F89 /* Assets.xcassets */; };
		ABAD8E8B20EFE16D002A5F89 /* LaunchScreen.storyboard in Resources */ = {isa = PBXBuildFile; fileRef = ABAD8E8920EFE16D002A5F89 /* LaunchScreen.storyboard */; };
/* End PBXBuildFile section */

/* Begin PBXFileReference section */
		ABAD8E7D20EFE16A002A5F89 /* Machine Learning 1.app */ = {isa = PBXFileReference; explicitFileType = wrapper.application; includeInIndex = 0; path = "Machine Learning 1.app"; sourceTree = BUILT_PRODUCTS_DIR; };
		ABAD8E8020EFE16A002A5F89 /* AppDelegate.swift */ = {isa = PBXFileReference; lastKnownFileType = sourcecode.swift; path = AppDelegate.swift; sourceTree = "<group>"; };
		ABAD8E8220EFE16A002A5F89 /* ViewController.swift */ = {isa = PBXFileReference; lastKnownFileType = sourcecode.swift; path = ViewController.swift; sourceTree = "<group>"; };
		ABAD8E8520EFE16A002A5F89 /* Base */ = {isa = PBXFileReference; lastKnownFileType = file.storyboard; name = Base; path = Base.lproj/Main.storyboard; sourceTree = "<group>"; };
		ABAD8E8720EFE16D002A5F89 /* Assets.xcassets */ = {isa = PBXFileReference; lastKnownFileType = folder.assetcatalog; path = Assets.xcassets; sourceTree = "<group>"; };
		ABAD8E8A20EFE16D002A5F89 /* Base */ = {isa = PBXFileReference; lastKnownFileType = file.storyboard; name = Base; path = Base.lproj/LaunchScreen.storyboard; sourceTree = "<group>"; };
		ABAD8E8C20EFE16D002A5F89 /* Info.plist */ = {isa = PBXFileReference; lastKnownFileType = text.plist.xml; path = Info.plist; sourceTree = "<group>"; };
/* End PBXFileReference section */

/* Begin PBXFrameworksBuildPhase section */
		ABAD8E7A20EFE16A002A5F89 /* Frameworks */ = {
			isa = PBXFrameworksBuildPhase;
			buildActionMask = 2147483647;
			files = (
			);
			runOnlyForDeploymentPostprocessing = 0;
		};
/* End PBXFrameworksBuildPhase section */

/* Begin PBXGroup section */
		ABAD8E7420EFE16A002A5F89 = {
			isa = PBXGroup;
			children = (
				ABAD8E7F20EFE16A002A5F89 /* Machine Learning 1 */,
				ABAD8E7E20EFE16A002A5F89 /* Products */,
			);
			sourceTree = "<group>";
		};
		ABAD8E7E20EFE16A002A5F89 /* Products */ = {
			isa = PBXGroup;
			children = (
				ABAD8E7D20EFE16A002A5F89 /* Machine Learning 1.app */,
			);
			name = Products;
			sourceTree = "<group>";
		};
		ABAD8E7F20EFE16A002A5F89 /* Machine Learning 1 */ = {
			isa = PBXGroup;
			children = (
				ABAD8E8020EFE16A002A5F89 /* AppDelegate.swift */,
				ABAD8E8220EFE16A002A5F89 /* ViewController.swift */,
				ABAD8E8420EFE16A002A5F89 /* Main.storyboard */,
				ABAD8E8720EFE16D002A5F89 /* Assets.xcassets */,
				ABAD8E8920EFE16D002A5F89 /* LaunchScreen.storyboard */,
				ABAD8E8C20EFE16D002A5F89 /* Info.plist */,
			);
			path = "Machine Learning 1";
			sourceTree = "<group>";
		};
/* End PBXGroup section */

/* Begin PBXNativeTarget section */
		ABAD8E7C20EFE16A002A5F89 /* Machine Learning 1 */ = {
			isa = PBXNativeTarget;
			buildConfigurationList = ABAD8E8F20EFE16D002A5F89 /* Build configuration list for PBXNativeTarget "Machine Learning 1" */;
			buildPhases = (
				ABAD8E7920EFE16A002A5F89 /* Sources */,
				ABAD8E7A20EFE16A002A5F89 /* Frameworks */,
				ABAD8E7B20EFE16A002A5F89 /* Resources */,
			);
			buildRules = (
			);
			dependencies = (
			);
			name = "Machine Learning 1";
			productName = "Machine Learning 1";
			productReference = ABAD8E7D20EFE16A002A5F89 /* Machine Learning 1.app */;
			productType = "com.apple.product-type.application";
		};
/* End PBXNativeTarget section */

/* Begin PBXProject section */
		ABAD8E7520EFE16A002A5F89 /* Project object */ = {
			isa = PBXProject;
			attributes = {
				LastSwiftUpdateCheck = 0940;
				LastUpgradeCheck = 0940;
				ORGANIZATIONNAME = jallen.studios;
				TargetAttributes = {
					ABAD8E7C20EFE16A002A5F89 = {
						CreatedOnToolsVersion = 9.4;
					};
				};
			};
			buildConfigurationList = ABAD8E7820EFE16A002A5F89 /* Build configuration list for PBXProject "Machine Learning 1" */;
			compatibilityVersion = "Xcode 9.3";
			developmentRegion = en;
			hasScannedForEncodings = 0;
			knownRegions = (
				en,
				Base,
			);
			mainGroup = ABAD8E7420EFE16A002A5F89;
			productRefGroup = ABAD8E7E20EFE16A002A5F89 /* Products */;
			projectDirPath = "";
			projectRoot = "";
			targets = (
				ABAD8E7C20EFE16A002A5F89 /* Machine Learning 1 */,
			);
		};
/* End PBXProject section */

/* Begin PBXResourcesBuildPhase section */
		ABAD8E7B20EFE16A002A5F89 /* Resources */ = {
			isa = PBXResourcesBuildPhase;
			buildActionMask = 2147483647;
			files = (
				ABAD8E8B20EFE16D002A5F89 /* LaunchScreen.storyboard in Resources */,
				ABAD8E8820EFE16D002A5F89 /* Assets.xcassets in Resources */,
				ABAD8E8620EFE16A002A5F89 /* Main.storyboard in Resources */,
			);
			runOnlyForDeploymentPostprocessing = 0;
		};
/* End PBXResourcesBuildPhase section */

/* Begin PBXSourcesBuildPhase section */
		ABAD8E7920EFE16A002A5F89 /* Sources */ = {
			isa = PBXSourcesBuildPhase;
			buildActionMask = 2147483647;
			files = (
				ABAD8E8320EFE16A002A5F89 /* ViewController.swift in Sources */,
				ABAD8E8120EFE16A002A5F89 /* AppDelegate.swift in Sources */,
			);
			runOnlyForDeploymentPostprocessing = 0;
		};
/* End PBXSourcesBuildPhase section */

/* Begin PBXVariantGroup section */
		ABAD8E8420EFE16A002A5F89 /* Main.storyboard */ = {
			isa = PBXVariantGroup;
			children = (
				ABAD8E8520EFE16A002A5F89 /* Base */,
			);
			name = Main.storyboard;
			sourceTree = "<group>";
		};
		ABAD8E8920EFE16D002A5F89 /* LaunchScreen.storyboard */ = {
			isa = PBXVariantGroup;
			children = (
				ABAD8E8A20EFE16D002A5F89 /* Base */,
			);
			name = LaunchScreen.storyboard;
			sourceTree = "<group>";
		};
/* End PBXVariantGroup section */

/* Begin XCBuildConfiguration section */
		ABAD8E8D20EFE16D002A5F89 /* Debug */ = {
			isa = XCBuildConfiguration;
			buildSettings = {
				ALWAYS_SEARCH_USER_PATHS = NO;
				CLANG_ANALYZER_NONNULL = YES;
				CLANG_ANALYZER_NUMBER_OBJECT_CONVERSION = YES_AGGRESSIVE;
				CLANG_CXX_LANGUAGE_STANDARD = "gnu++14";
				CLANG_CXX_LIBRARY = "libc++";
				CLANG_ENABLE_MODULES = YES;
				CLANG_ENABLE_OBJC_ARC = YES;
				CLANG_ENABLE_OBJC_WEAK = YES;
				CLANG_WARN_BLOCK_CAPTURE_AUTORELEASING = YES;
				CLANG_WARN_BOOL_CONVERSION = YES;
				CLANG_WARN_COMMA = YES;
				CLANG_WARN_CONSTANT_CONVERSION = YES;
				CLANG_WARN_DEPRECATED_OBJC_IMPLEMENTATIONS = YES;
				CLANG_WARN_DIRECT_OBJC_ISA_USAGE = YES_ERROR;
				CLANG_WARN_DOCUMENTATION_COMMENTS = YES;
				CLANG_WARN_EMPTY_BODY = YES;
				CLANG_WARN_ENUM_CONVERSION = YES;
				CLANG_WARN_INFINITE_RECURSION = YES;
				CLANG_WARN_INT_CONVERSION = YES;
				CLANG_WARN_NON_LITERAL_NULL_CONVERSION = YES;
				CLANG_WARN_OBJC_IMPLICIT_RETAIN_SELF = YES;
				CLANG_WARN_OBJC_LITERAL_CONVERSION = YES;
				CLANG_WARN_OBJC_ROOT_CLASS = YES_ERROR;
				CLANG_WARN_RANGE_LOOP_ANALYSIS = YES;
				CLANG_WARN_STRICT_PROTOTYPES = YES;
				CLANG_WARN_SUSPICIOUS_MOVE = YES;
				CLANG_WARN_UNGUARDED_AVAILABILITY = YES_AGGRESSIVE;
				CLANG_WARN_UNREACHABLE_CODE = YES;
				CLANG_WARN__DUPLICATE_METHOD_MATCH = YES;
				CODE_SIGN_IDENTITY = "iPhone Developer";
				COPY_PHASE_STRIP = NO;
				DEBUG_INFORMATION_FORMAT = dwarf;
				ENABLE_STRICT_OBJC_MSGSEND = YES;
				ENABLE_TESTABILITY = YES;
				GCC_C_LANGUAGE_STANDARD = gnu11;
				GCC_DYNAMIC_NO_PIC = NO;
				GCC_NO_COMMON_BLOCKS = YES;
				GCC_OPTIMIZATION_LEVEL = 0;
				GCC_PREPROCESSOR_DEFINITIONS = (
					"DEBUG=1",
					"$(inherited)",
				);
				GCC_WARN_64_TO_32_BIT_CONVERSION = YES;
				GCC_WARN_ABOUT_RETURN_TYPE = YES_ERROR;
				GCC_WARN_UNDECLARED_SELECTOR = YES;
				GCC_WARN_UNINITIALIZED_AUTOS = YES_AGGRESSIVE;
				GCC_WARN_UNUSED_FUNCTION = YES;
				GCC_WARN_UNUSED_VARIABLE = YES;
				IPHONEOS_DEPLOYMENT_TARGET = 11.4;
				MTL_ENABLE_DEBUG_INFO = YES;
				ONLY_ACTIVE_ARCH = YES;
				SDKROOT = iphoneos;
				SWIFT_ACTIVE_COMPILATION_CONDITIONS = DEBUG;
				SWIFT_OPTIMIZATION_LEVEL = "-Onone";
			};
			name = Debug;
		};
		ABAD8E8E20EFE16D002A5F89 /* Release */ = {
			isa = XCBuildConfiguration;
			buildSettings = {
				ALWAYS_SEARCH_USER_PATHS = NO;
				CLANG_ANALYZER_NONNULL = YES;
				CLANG_ANALYZER_NUMBER_OBJECT_CONVERSION = YES_AGGRESSIVE;
				CLANG_CXX_LANGUAGE_STANDARD = "gnu++14";
				CLANG_CXX_LIBRARY = "libc++";
				CLANG_ENABLE_MODULES = YES;
				CLANG_ENABLE_OBJC_ARC = YES;
				CLANG_ENABLE_OBJC_WEAK = YES;
				CLANG_WARN_BLOCK_CAPTURE_AUTORELEASING = YES;
				CLANG_WARN_BOOL_CONVERSION = YES;
				CLANG_WARN_COMMA = YES;
				CLANG_WARN_CONSTANT_CONVERSION = YES;
				CLANG_WARN_DEPRECATED_OBJC_IMPLEMENTATIONS = YES;
				CLANG_WARN_DIRECT_OBJC_ISA_USAGE = YES_ERROR;
				CLANG_WARN_DOCUMENTATION_COMMENTS = YES;
				CLANG_WARN_EMPTY_BODY = YES;
				CLANG_WARN_ENUM_CONVERSION = YES;
				CLANG_WARN_INFINITE_RECURSION = YES;
				CLANG_WARN_INT_CONVERSION = YES;
				CLANG_WARN_NON_LITERAL_NULL_CONVERSION = YES;
				CLANG_WARN_OBJC_IMPLICIT_RETAIN_SELF = YES;
				CLANG_WARN_OBJC_LITERAL_CONVERSION = YES;
				CLANG_WARN_OBJC_ROOT_CLASS = YES_ERROR;
				CLANG_WARN_RANGE_LOOP_ANALYSIS = YES;
				CLANG_WARN_STRICT_PROTOTYPES = YES;
				CLANG_WARN_SUSPICIOUS_MOVE = YES;
				CLANG_WARN_UNGUARDED_AVAILABILITY = YES_AGGRESSIVE;
				CLANG_WARN_UNREACHABLE_CODE = YES;
				CLANG_WARN__DUPLICATE_METHOD_MATCH = YES;
				CODE_SIGN_IDENTITY = "iPhone Developer";
				COPY_PHASE_STRIP = NO;
				DEBUG_INFORMATION_FORMAT = "dwarf-with-dsym";
				ENABLE_NS_ASSERTIONS = NO;
				ENABLE_STRICT_OBJC_MSGSEND = YES;
				GCC_C_LANGUAGE_STANDARD = gnu11;
				GCC_NO_COMMON_BLOCKS = YES;
				GCC_WARN_64_TO_32_BIT_CONVERSION = YES;
				GCC_WARN_ABOUT_RETURN_TYPE = YES_ERROR;
				GCC_WARN_UNDECLARED_SELECTOR = YES;
				GCC_WARN_UNINITIALIZED_AUTOS = YES_AGGRESSIVE;
				GCC_WARN_UNUSED_FUNCTION = YES;
				GCC_WARN_UNUSED_VARIABLE = YES;
				IPHONEOS_DEPLOYMENT_TARGET = 11.4;
				MTL_ENABLE_DEBUG_INFO = NO;
				SDKROOT = iphoneos;
				SWIFT_COMPILATION_MODE = wholemodule;
				SWIFT_OPTIMIZATION_LEVEL = "-O";
				VALIDATE_PRODUCT = YES;
			};
			name = Release;
		};
		ABAD8E9020EFE16D002A5F89 /* Debug */ = {
			isa = XCBuildConfiguration;
			buildSettings = {
				ASSETCATALOG_COMPILER_APPICON_NAME = AppIcon;
				CODE_SIGN_STYLE = Automatic;
				DEVELOPMENT_TEAM = MMWBDUR663;
				INFOPLIST_FILE = "Machine Learning 1/Info.plist";
				LD_RUNPATH_SEARCH_PATHS = (
					"$(inherited)",
					"@executable_path/Frameworks",
				);
				PRODUCT_BUNDLE_IDENTIFIER = "jallen.studios.Machine-Learning-1";
				PRODUCT_NAME = "$(TARGET_NAME)";
				SWIFT_VERSION = 4.0;
				TARGETED_DEVICE_FAMILY = "1,2";
			};
			name = Debug;
		};
		ABAD8E9120EFE16D002A5F89 /* Release */ = {
			isa = XCBuildConfiguration;
			buildSettings = {
				ASSETCATALOG_COMPILER_APPICON_NAME = AppIcon;
				CODE_SIGN_STYLE = Automatic;
				DEVELOPMENT_TEAM = MMWBDUR663;
				INFOPLIST_FILE = "Machine Learning 1/Info.plist";
				LD_RUNPATH_SEARCH_PATHS = (
					"$(inherited)",
					"@executable_path/Frameworks",
				);
				PRODUCT_BUNDLE_IDENTIFIER = "jallen.studios.Machine-Learning-1";
				PRODUCT_NAME = "$(TARGET_NAME)";
				SWIFT_VERSION = 4.0;
				TARGETED_DEVICE_FAMILY = "1,2";
			};
			name = Release;
		};
/* End XCBuildConfiguration section */

/* Begin XCConfigurationList section */
		ABAD8E7820EFE16A002A5F89 /* Build configuration list for PBXProject "Machine Learning 1" */ = {
			isa = XCConfigurationList;
			buildConfigurations = (
				ABAD8E8D20EFE16D002A5F89 /* Debug */,
				ABAD8E8E20EFE16D002A5F89 /* Release */,
			);
			defaultConfigurationIsVisible = 0;
			defaultConfigurationName = Release;
		};
		ABAD8E8F20EFE16D002A5F89 /* Build configuration list for PBXNativeTarget "Machine Learning 1" */ = {
			isa = XCConfigurationList;
			buildConfigurations = (
				ABAD8E9020EFE16D002A5F89 /* Debug */,
				ABAD8E9120EFE16D002A5F89 /* Release */,
			);
			defaultConfigurationIsVisible = 0;
			defaultConfigurationName = Release;
		};
/* End XCConfigurationList section */
	};
	rootObject = ABAD8E7520EFE16A002A5F89 /* Project object */;
}
